
Microsoft Visual Studio Solution File, Format Version 12.00
# Visual Studio Version 16
VisualStudioVersion = 16.0.29025.244
MinimumVisualStudioVersion = 10.0.40219.1
Project("{FAE04EC0-301F-11D3-BF4B-00C04F79EFBC}") = "ChattingForm", "ChattingForm\ChattingForm.csproj", "{24940759-9AA5-4AE7-902B-6D51FBDCE6E4}"
EndProject
Global
	GlobalSection(SolutionConfigurationPlatforms) = preSolution
		Debug|Any CPU = Debug|Any CPU
		Debug|x64 = Debug|x64
		Release|Any CPU = Release|Any CPU
		Release|x64 = Release|x64
	EndGlobalSection
	GlobalSection(ProjectConfigurationPlatforms) = postSolution
		{24940759-9AA5-4AE7-902B-6D51FBDCE6E4}.Debug|Any CPU.ActiveCfg = Debug|Any CPU
		{24940759-9AA5-4AE7-902B-6D51FBDCE6E4}.Debug|Any CPU.Build.0 = Debug|Any CPU
		{24940759-9AA5-4AE7-902B-6D51FBDCE6E4}.Debug|x64.ActiveCfg = Debug|x64
		{24940759-9AA5-4AE7-902B-6D51FBDCE6E4}.Debug|x64.Build.0 = Debug|x64
		{24940759-9AA5-4AE7-902B-6D51FBDCE6E4}.Release|Any CPU.ActiveCfg = Release|Any CPU
		{24940759-9AA5-4AE7-902B-6D51FBDCE6E4}.Release|Any CPU.Build.0 = Release|Any CPU
		{24940759-9AA5-4AE7-902B-6D51FBDCE6E4}.Release|x64.ActiveCfg = Release|x64
		{24940759-9AA5-4AE7-902B-6D51FBDCE6E4}.Release|x64.Build.0 = Release|x64
	EndGlobalSection
	GlobalSection(SolutionProperties) = preSolution
		HideSolutionNode = FALSE
	EndGlobalSection
	GlobalSection(ExtensibilityGlobals) = postSolution
		SolutionGuid = {54A0953A-76B7-499C-9B8A-12D39122A385}
	EndGlobalSection
EndGlobal
